
Microsoft Visual Studio Solution File, Format Version 12.00
# Visual Studio Version 17
VisualStudioVersion = 17.0.31903.59
MinimumVisualStudioVersion = 10.0.40219.1
Project("{2150E333-8FDC-42A3-9474-1A3956D46DE8}") = "Tests", "Tests", "{B8082683-F72C-49FE-BA68-1B8E6103654E}"
EndProject
Project("{2150E333-8FDC-42A3-9474-1A3956D46DE8}") = "UnitTests", "UnitTests", "{E639D5D4-5182-4C2E-B38A-01D52F240A21}"
EndProject
Project("{FAE04EC0-301F-11D3-BF4B-00C04F79EFBC}") = "DDD.Api.UnitTests", "Tests\UnitTests\DDD.Api.UnitTests\DDD.Api.UnitTests.csproj", "{619CD104-53BA-4E7F-A1E4-401FEC04F156}"
EndProject
Project("{FAE04EC0-301F-11D3-BF4B-00C04F79EFBC}") = "DDD.Application.UnitTests", "Tests\UnitTests\DDD.Application.UnitTests\DDD.Application.UnitTests.csproj", "{6C5E99FB-73C5-468E-BD51-EA559A508E36}"
EndProject
Project("{FAE04EC0-301F-11D3-BF4B-00C04F79EFBC}") = "DDD.Domain.UnitTests", "Tests\UnitTests\DDD.Domain.UnitTests\DDD.Domain.UnitTests.csproj", "{DFC7323A-8B60-4BB2-AD89-B05A3599BF0E}"
EndProject
Project("{FAE04EC0-301F-11D3-BF4B-00C04F79EFBC}") = "DDD.Infrastructure.UnitTests", "Tests\UnitTests\DDD.Infrastructure.UnitTests\DDD.Infrastructure.UnitTests.csproj", "{1C08A6A8-06A0-430F-9EF4-863F900E207B}"
EndProject
Project("{2150E333-8FDC-42A3-9474-1A3956D46DE8}") = "src", "src", "{6BA4FC49-062D-422A-9440-6548A8553BD6}"
EndProject
Project("{FAE04EC0-301F-11D3-BF4B-00C04F79EFBC}") = "DDD.Api", "src\DDD.Api\DDD.Api.csproj", "{6DCE973D-F9F1-4A62-BD5A-26FF37801B2A}"
EndProject
Project("{FAE04EC0-301F-11D3-BF4B-00C04F79EFBC}") = "DDD.Application", "src\DDD.Application\DDD.Application.csproj", "{1525FB49-935C-4136-91F3-5606D7132530}"
EndProject
Project("{FAE04EC0-301F-11D3-BF4B-00C04F79EFBC}") = "DDD.Contracts", "src\DDD.Contracts\DDD.Contracts.csproj", "{3A08A836-43E3-4FF3-9890-D98443635CFD}"
EndProject
Project("{FAE04EC0-301F-11D3-BF4B-00C04F79EFBC}") = "DDD.Domain", "src\DDD.Domain\DDD.Domain.csproj", "{4E48DFAA-CA78-48B1-A2C6-343B66D08903}"
EndProject
Project("{FAE04EC0-301F-11D3-BF4B-00C04F79EFBC}") = "DDD.Infrastructure", "src\DDD.Infrastructure\DDD.Infrastructure.csproj", "{751E3AD5-1AD4-4E26-AD46-121FBDEB5AAE}"
EndProject
Global
	GlobalSection(SolutionConfigurationPlatforms) = preSolution
		Debug|Any CPU = Debug|Any CPU
		Release|Any CPU = Release|Any CPU
	EndGlobalSection
	GlobalSection(SolutionProperties) = preSolution
		HideSolutionNode = FALSE
	EndGlobalSection
	GlobalSection(ProjectConfigurationPlatforms) = postSolution
		{619CD104-53BA-4E7F-A1E4-401FEC04F156}.Debug|Any CPU.ActiveCfg = Debug|Any CPU
		{619CD104-53BA-4E7F-A1E4-401FEC04F156}.Debug|Any CPU.Build.0 = Debug|Any CPU
		{619CD104-53BA-4E7F-A1E4-401FEC04F156}.Release|Any CPU.ActiveCfg = Release|Any CPU
		{619CD104-53BA-4E7F-A1E4-401FEC04F156}.Release|Any CPU.Build.0 = Release|Any CPU
		{6C5E99FB-73C5-468E-BD51-EA559A508E36}.Debug|Any CPU.ActiveCfg = Debug|Any CPU
		{6C5E99FB-73C5-468E-BD51-EA559A508E36}.Debug|Any CPU.Build.0 = Debug|Any CPU
		{6C5E99FB-73C5-468E-BD51-EA559A508E36}.Release|Any CPU.ActiveCfg = Release|Any CPU
		{6C5E99FB-73C5-468E-BD51-EA559A508E36}.Release|Any CPU.Build.0 = Release|Any CPU
		{DFC7323A-8B60-4BB2-AD89-B05A3599BF0E}.Debug|Any CPU.ActiveCfg = Debug|Any CPU
		{DFC7323A-8B60-4BB2-AD89-B05A3599BF0E}.Debug|Any CPU.Build.0 = Debug|Any CPU
		{DFC7323A-8B60-4BB2-AD89-B05A3599BF0E}.Release|Any CPU.ActiveCfg = Release|Any CPU
		{DFC7323A-8B60-4BB2-AD89-B05A3599BF0E}.Release|Any CPU.Build.0 = Release|Any CPU
		{1C08A6A8-06A0-430F-9EF4-863F900E207B}.Debug|Any CPU.ActiveCfg = Debug|Any CPU
		{1C08A6A8-06A0-430F-9EF4-863F900E207B}.Debug|Any CPU.Build.0 = Debug|Any CPU
		{1C08A6A8-06A0-430F-9EF4-863F900E207B}.Release|Any CPU.ActiveCfg = Release|Any CPU
		{1C08A6A8-06A0-430F-9EF4-863F900E207B}.Release|Any CPU.Build.0 = Release|Any CPU
		{6DCE973D-F9F1-4A62-BD5A-26FF37801B2A}.Debug|Any CPU.ActiveCfg = Debug|Any CPU
		{6DCE973D-F9F1-4A62-BD5A-26FF37801B2A}.Debug|Any CPU.Build.0 = Debug|Any CPU
		{6DCE973D-F9F1-4A62-BD5A-26FF37801B2A}.Release|Any CPU.ActiveCfg = Release|Any CPU
		{6DCE973D-F9F1-4A62-BD5A-26FF37801B2A}.Release|Any CPU.Build.0 = Release|Any CPU
		{1525FB49-935C-4136-91F3-5606D7132530}.Debug|Any CPU.ActiveCfg = Debug|Any CPU
		{1525FB49-935C-4136-91F3-5606D7132530}.Debug|Any CPU.Build.0 = Debug|Any CPU
		{1525FB49-935C-4136-91F3-5606D7132530}.Release|Any CPU.ActiveCfg = Release|Any CPU
		{1525FB49-935C-4136-91F3-5606D7132530}.Release|Any CPU.Build.0 = Release|Any CPU
		{3A08A836-43E3-4FF3-9890-D98443635CFD}.Debug|Any CPU.ActiveCfg = Debug|Any CPU
		{3A08A836-43E3-4FF3-9890-D98443635CFD}.Debug|Any CPU.Build.0 = Debug|Any CPU
		{3A08A836-43E3-4FF3-9890-D98443635CFD}.Release|Any CPU.ActiveCfg = Release|Any CPU
		{3A08A836-43E3-4FF3-9890-D98443635CFD}.Release|Any CPU.Build.0 = Release|Any CPU
		{4E48DFAA-CA78-48B1-A2C6-343B66D08903}.Debug|Any CPU.ActiveCfg = Debug|Any CPU
		{4E48DFAA-CA78-48B1-A2C6-343B66D08903}.Debug|Any CPU.Build.0 = Debug|Any CPU
		{4E48DFAA-CA78-48B1-A2C6-343B66D08903}.Release|Any CPU.ActiveCfg = Release|Any CPU
		{4E48DFAA-CA78-48B1-A2C6-343B66D08903}.Release|Any CPU.Build.0 = Release|Any CPU
		{751E3AD5-1AD4-4E26-AD46-121FBDEB5AAE}.Debug|Any CPU.ActiveCfg = Debug|Any CPU
		{751E3AD5-1AD4-4E26-AD46-121FBDEB5AAE}.Debug|Any CPU.Build.0 = Debug|Any CPU
		{751E3AD5-1AD4-4E26-AD46-121FBDEB5AAE}.Release|Any CPU.ActiveCfg = Release|Any CPU
		{751E3AD5-1AD4-4E26-AD46-121FBDEB5AAE}.Release|Any CPU.Build.0 = Release|Any CPU
	EndGlobalSection
	GlobalSection(NestedProjects) = preSolution
		{E639D5D4-5182-4C2E-B38A-01D52F240A21} = {B8082683-F72C-49FE-BA68-1B8E6103654E}
		{619CD104-53BA-4E7F-A1E4-401FEC04F156} = {E639D5D4-5182-4C2E-B38A-01D52F240A21}
		{6C5E99FB-73C5-468E-BD51-EA559A508E36} = {E639D5D4-5182-4C2E-B38A-01D52F240A21}
		{DFC7323A-8B60-4BB2-AD89-B05A3599BF0E} = {E639D5D4-5182-4C2E-B38A-01D52F240A21}
		{1C08A6A8-06A0-430F-9EF4-863F900E207B} = {E639D5D4-5182-4C2E-B38A-01D52F240A21}
		{6DCE973D-F9F1-4A62-BD5A-26FF37801B2A} = {6BA4FC49-062D-422A-9440-6548A8553BD6}
		{1525FB49-935C-4136-91F3-5606D7132530} = {6BA4FC49-062D-422A-9440-6548A8553BD6}
		{3A08A836-43E3-4FF3-9890-D98443635CFD} = {6BA4FC49-062D-422A-9440-6548A8553BD6}
		{4E48DFAA-CA78-48B1-A2C6-343B66D08903} = {6BA4FC49-062D-422A-9440-6548A8553BD6}
		{751E3AD5-1AD4-4E26-AD46-121FBDEB5AAE} = {6BA4FC49-062D-422A-9440-6548A8553BD6}
	EndGlobalSection
EndGlobal
